
Microsoft Visual Studio Solution File, Format Version 12.00
# Visual Studio Version 16
VisualStudioVersion = 16.0.31624.102
MinimumVisualStudioVersion = 10.0.40219.1
Project("{FAE04EC0-301F-11D3-BF4B-00C04F79EFBC}") = "MVVMDemo", "MVVMDemo\MVVMDemo.csproj", "{EAD72362-BA08-463D-A46F-3E949AD2CA3D}"
EndProject
Global
	GlobalSection(SolutionConfigurationPlatforms) = preSolution
		Debug|Any CPU = Debug|Any CPU
		Release|Any CPU = Release|Any CPU
	EndGlobalSection
	GlobalSection(ProjectConfigurationPlatforms) = postSolution
		{EAD72362-BA08-463D-A46F-3E949AD2CA3D}.Debug|Any CPU.ActiveCfg = Debug|Any CPU
		{EAD72362-BA08-463D-A46F-3E949AD2CA3D}.Debug|Any CPU.Build.0 = Debug|Any CPU
		{EAD72362-BA08-463D-A46F-3E949AD2CA3D}.Release|Any CPU.ActiveCfg = Release|Any CPU
		{EAD72362-BA08-463D-A46F-3E949AD2CA3D}.Release|Any CPU.Build.0 = Release|Any CPU
	EndGlobalSection
	GlobalSection(SolutionProperties) = preSolution
		HideSolutionNode = FALSE
	EndGlobalSection
	GlobalSection(ExtensibilityGlobals) = postSolution
		SolutionGuid = {E378C3DA-359E-4747-B034-397FB0D39C3A}
	EndGlobalSection
EndGlobal
